
Microsoft Visual Studio Solution File, Format Version 12.00
Project("{FAE04EC0-301F-11D3-BF4B-00C04F79EFBC}") = "Kolokwium1Poprawa", "Kolokwium1Poprawa\Kolokwium1Poprawa.csproj", "{3B6360D4-AC4A-416F-A215-3EFB8B6426FB}"
EndProject
Global
	GlobalSection(SolutionConfigurationPlatforms) = preSolution
		Debug|Any CPU = Debug|Any CPU
		Release|Any CPU = Release|Any CPU
	EndGlobalSection
	GlobalSection(ProjectConfigurationPlatforms) = postSolution
		{3B6360D4-AC4A-416F-A215-3EFB8B6426FB}.Debug|Any CPU.ActiveCfg = Debug|Any CPU
		{3B6360D4-AC4A-416F-A215-3EFB8B6426FB}.Debug|Any CPU.Build.0 = Debug|Any CPU
		{3B6360D4-AC4A-416F-A215-3EFB8B6426FB}.Release|Any CPU.ActiveCfg = Release|Any CPU
		{3B6360D4-AC4A-416F-A215-3EFB8B6426FB}.Release|Any CPU.Build.0 = Release|Any CPU
	EndGlobalSection
EndGlobal
